
Microsoft Visual Studio Solution File, Format Version 12.00
# Visual Studio Version 17
VisualStudioVersion = 17.14.36301.6
MinimumVisualStudioVersion = 10.0.40219.1
Project("{FAE04EC0-301F-11D3-BF4B-00C04F79EFBC}") = "RabbitmqPOC.Uplink", "RabbitmqPOC.Uplink\RabbitmqPOC.Uplink.csproj", "{6BCDD369-0D41-4E41-9C03-FA3061276901}"
EndProject
Project("{FAE04EC0-301F-11D3-BF4B-00C04F79EFBC}") = "RabbitmqPOC.Switch", "RabbitmqPOC.Switch\RabbitmqPOC.Switch.csproj", "{0EAF7746-B8AE-4E82-9F27-5346ACA40083}"
EndProject
Project("{FAE04EC0-301F-11D3-BF4B-00C04F79EFBC}") = "RabbitmqPOC.Contract", "RabbitmqPOC.Contract\RabbitmqPOC.Contract.csproj", "{BC354FCC-4382-4F9E-B63B-F0BBB54E48B2}"
EndProject
Global
	GlobalSection(SolutionConfigurationPlatforms) = preSolution
		Debug|Any CPU = Debug|Any CPU
		Release|Any CPU = Release|Any CPU
	EndGlobalSection
	GlobalSection(ProjectConfigurationPlatforms) = postSolution
		{6BCDD369-0D41-4E41-9C03-FA3061276901}.Debug|Any CPU.ActiveCfg = Debug|Any CPU
		{6BCDD369-0D41-4E41-9C03-FA3061276901}.Debug|Any CPU.Build.0 = Debug|Any CPU
		{6BCDD369-0D41-4E41-9C03-FA3061276901}.Release|Any CPU.ActiveCfg = Release|Any CPU
		{6BCDD369-0D41-4E41-9C03-FA3061276901}.Release|Any CPU.Build.0 = Release|Any CPU
		{0EAF7746-B8AE-4E82-9F27-5346ACA40083}.Debug|Any CPU.ActiveCfg = Debug|Any CPU
		{0EAF7746-B8AE-4E82-9F27-5346ACA40083}.Debug|Any CPU.Build.0 = Debug|Any CPU
		{0EAF7746-B8AE-4E82-9F27-5346ACA40083}.Release|Any CPU.ActiveCfg = Release|Any CPU
		{0EAF7746-B8AE-4E82-9F27-5346ACA40083}.Release|Any CPU.Build.0 = Release|Any CPU
		{BC354FCC-4382-4F9E-B63B-F0BBB54E48B2}.Debug|Any CPU.ActiveCfg = Debug|Any CPU
		{BC354FCC-4382-4F9E-B63B-F0BBB54E48B2}.Debug|Any CPU.Build.0 = Debug|Any CPU
		{BC354FCC-4382-4F9E-B63B-F0BBB54E48B2}.Release|Any CPU.ActiveCfg = Release|Any CPU
		{BC354FCC-4382-4F9E-B63B-F0BBB54E48B2}.Release|Any CPU.Build.0 = Release|Any CPU
	EndGlobalSection
	GlobalSection(SolutionProperties) = preSolution
		HideSolutionNode = FALSE
	EndGlobalSection
	GlobalSection(ExtensibilityGlobals) = postSolution
		SolutionGuid = {456B0BE1-0DA7-48AB-BBA7-639AFCB802CB}
	EndGlobalSection
EndGlobal
